// !$*UTF8*$!
{
	archiveVersion = 1;
	classes = {
	};
	objectVersion = 50;
	objects = {

/* Begin PBXBuildFile section */
		1BE779EC24A004CE0008B9D4 /* AppDelegate.swift in Sources */ = {isa = PBXBuildFile; fileRef = 1BE779EB24A004CE0008B9D4 /* AppDelegate.swift */; };
		1BE779EE24A004CE0008B9D4 /* SceneDelegate.swift in Sources */ = {isa = PBXBuildFile; fileRef = 1BE779ED24A004CE0008B9D4 /* SceneDelegate.swift */; };
		1BE779F024A004CE0008B9D4 /* ContentView.swift in Sources */ = {isa = PBXBuildFile; fileRef = 1BE779EF24A004CE0008B9D4 /* ContentView.swift */; };
		1BE779F224A004D00008B9D4 /* Assets.xcassets in Resources */ = {isa = PBXBuildFile; fileRef = 1BE779F124A004D00008B9D4 /* Assets.xcassets */; };
		1BE779F524A004D00008B9D4 /* Preview Assets.xcassets in Resources */ = {isa = PBXBuildFile; fileRef = 1BE779F424A004D00008B9D4 /* Preview Assets.xcassets */; };
		1BE779F824A004D00008B9D4 /* LaunchScreen.storyboard in Resources */ = {isa = PBXBuildFile; fileRef = 1BE779F624A004D00008B9D4 /* LaunchScreen.storyboard */; };
		1BE77A0324A004D00008B9D4 /* gamesFinderTests.swift in Sources */ = {isa = PBXBuildFile; fileRef = 1BE77A0224A004D00008B9D4 /* gamesFinderTests.swift */; };
		1BE77A0E24A004D00008B9D4 /* gamesFinderUITests.swift in Sources */ = {isa = PBXBuildFile; fileRef = 1BE77A0D24A004D00008B9D4 /* gamesFinderUITests.swift */; };
/* End PBXBuildFile section */

/* Begin PBXContainerItemProxy section */
		1BE779FF24A004D00008B9D4 /* PBXContainerItemProxy */ = {
			isa = PBXContainerItemProxy;
			containerPortal = 1BE779E024A004CE0008B9D4 /* Project object */;
			proxyType = 1;
			remoteGlobalIDString = 1BE779E724A004CE0008B9D4;
			remoteInfo = gamesFinder;
		};
		1BE77A0A24A004D00008B9D4 /* PBXContainerItemProxy */ = {
			isa = PBXContainerItemProxy;
			containerPortal = 1BE779E024A004CE0008B9D4 /* Project object */;
			proxyType = 1;
			remoteGlobalIDString = 1BE779E724A004CE0008B9D4;
			remoteInfo = gamesFinder;
		};
/* End PBXContainerItemProxy section */

/* Begin PBXFileReference section */
		1BE779E824A004CE0008B9D4 /* gamesFinder.app */ = {isa = PBXFileReference; explicitFileType = wrapper.application; includeInIndex = 0; path = gamesFinder.app; sourceTree = BUILT_PRODUCTS_DIR; };
		1BE779EB24A004CE0008B9D4 /* AppDelegate.swift */ = {isa = PBXFileReference; lastKnownFileType = sourcecode.swift; path = AppDelegate.swift; sourceTree = "<group>"; };
		1BE779ED24A004CE0008B9D4 /* SceneDelegate.swift */ = {isa = PBXFileReference; lastKnownFileType = sourcecode.swift; path = SceneDelegate.swift; sourceTree = "<group>"; };
		1BE779EF24A004CE0008B9D4 /* ContentView.swift */ = {isa = PBXFileReference; lastKnownFileType = sourcecode.swift; path = ContentView.swift; sourceTree = "<group>"; };
		1BE779F124A004D00008B9D4 /* Assets.xcassets */ = {isa = PBXFileReference; lastKnownFileType = folder.assetcatalog; path = Assets.xcassets; sourceTree = "<group>"; };
		1BE779F424A004D00008B9D4 /* Preview Assets.xcassets */ = {isa = PBXFileReference; lastKnownFileType = folder.assetcatalog; path = "Preview Assets.xcassets"; sourceTree = "<group>"; };
		1BE779F724A004D00008B9D4 /* Base */ = {isa = PBXFileReference; lastKnownFileType = file.storyboard; name = Base; path = Base.lproj/LaunchScreen.storyboard; sourceTree = "<group>"; };
		1BE779F924A004D00008B9D4 /* Info.plist */ = {isa = PBXFileReference; lastKnownFileType = text.plist.xml; path = Info.plist; sourceTree = "<group>"; };
		1BE779FE24A004D00008B9D4 /* gamesFinderTests.xctest */ = {isa = PBXFileReference; explicitFileType = wrapper.cfbundle; includeInIndex = 0; path = gamesFinderTests.xctest; sourceTree = BUILT_PRODUCTS_DIR; };
		1BE77A0224A004D00008B9D4 /* gamesFinderTests.swift */ = {isa = PBXFileReference; lastKnownFileType = sourcecode.swift; path = gamesFinderTests.swift; sourceTree = "<group>"; };
		1BE77A0424A004D00008B9D4 /* Info.plist */ = {isa = PBXFileReference; lastKnownFileType = text.plist.xml; path = Info.plist; sourceTree = "<group>"; };
		1BE77A0924A004D00008B9D4 /* gamesFinderUITests.xctest */ = {isa = PBXFileReference; explicitFileType = wrapper.cfbundle; includeInIndex = 0; path = gamesFinderUITests.xctest; sourceTree = BUILT_PRODUCTS_DIR; };
		1BE77A0D24A004D00008B9D4 /* gamesFinderUITests.swift */ = {isa = PBXFileReference; lastKnownFileType = sourcecode.swift; path = gamesFinderUITests.swift; sourceTree = "<group>"; };
		1BE77A0F24A004D00008B9D4 /* Info.plist */ = {isa = PBXFileReference; lastKnownFileType = text.plist.xml; path = Info.plist; sourceTree = "<group>"; };
/* End PBXFileReference section */

/* Begin PBXFrameworksBuildPhase section */
		1BE779E524A004CE0008B9D4 /* Frameworks */ = {
			isa = PBXFrameworksBuildPhase;
			buildActionMask = 2147483647;
			files = (
			);
			runOnlyForDeploymentPostprocessing = 0;
		};
		1BE779FB24A004D00008B9D4 /* Frameworks */ = {
			isa = PBXFrameworksBuildPhase;
			buildActionMask = 2147483647;
			files = (
			);
			runOnlyForDeploymentPostprocessing = 0;
		};
		1BE77A0624A004D00008B9D4 /* Frameworks */ = {
			isa = PBXFrameworksBuildPhase;
			buildActionMask = 2147483647;
			files = (
			);
			runOnlyForDeploymentPostprocessing = 0;
		};
/* End PBXFrameworksBuildPhase section */

/* Begin PBXGroup section */
		1BE779DF24A004CE0008B9D4 = {
			isa = PBXGroup;
			children = (
				1BE779EA24A004CE0008B9D4 /* gamesFinder */,
				1BE77A0124A004D00008B9D4 /* gamesFinderTests */,
				1BE77A0C24A004D00008B9D4 /* gamesFinderUITests */,
				1BE779E924A004CE0008B9D4 /* Products */,
			);
			sourceTree = "<group>";
		};
		1BE779E924A004CE0008B9D4 /* Products */ = {
			isa = PBXGroup;
			children = (
				1BE779E824A004CE0008B9D4 /* gamesFinder.app */,
				1BE779FE24A004D00008B9D4 /* gamesFinderTests.xctest */,
				1BE77A0924A004D00008B9D4 /* gamesFinderUITests.xctest */,
			);
			name = Products;
			sourceTree = "<group>";
		};
		1BE779EA24A004CE0008B9D4 /* gamesFinder */ = {
			isa = PBXGroup;
			children = (
				1BE779EB24A004CE0008B9D4 /* AppDelegate.swift */,
				1BE779ED24A004CE0008B9D4 /* SceneDelegate.swift */,
				1BE779EF24A004CE0008B9D4 /* ContentView.swift */,
				1BE779F124A004D00008B9D4 /* Assets.xcassets */,
				1BE779F624A004D00008B9D4 /* LaunchScreen.storyboard */,
				1BE779F924A004D00008B9D4 /* Info.plist */,
				1BE779F324A004D00008B9D4 /* Preview Content */,
			);
			path = gamesFinder;
			sourceTree = "<group>";
		};
		1BE779F324A004D00008B9D4 /* Preview Content */ = {
			isa = PBXGroup;
			children = (
				1BE779F424A004D00008B9D4 /* Preview Assets.xcassets */,
			);
			path = "Preview Content";
			sourceTree = "<group>";
		};
		1BE77A0124A004D00008B9D4 /* gamesFinderTests */ = {
			isa = PBXGroup;
			children = (
				1BE77A0224A004D00008B9D4 /* gamesFinderTests.swift */,
				1BE77A0424A004D00008B9D4 /* Info.plist */,
			);
			path = gamesFinderTests;
			sourceTree = "<group>";
		};
		1BE77A0C24A004D00008B9D4 /* gamesFinderUITests */ = {
			isa = PBXGroup;
			children = (
				1BE77A0D24A004D00008B9D4 /* gamesFinderUITests.swift */,
				1BE77A0F24A004D00008B9D4 /* Info.plist */,
			);
			path = gamesFinderUITests;
			sourceTree = "<group>";
		};
/* End PBXGroup section */

/* Begin PBXNativeTarget section */
		1BE779E724A004CE0008B9D4 /* gamesFinder */ = {
			isa = PBXNativeTarget;
			buildConfigurationList = 1BE77A1224A004D00008B9D4 /* Build configuration list for PBXNativeTarget "gamesFinder" */;
			buildPhases = (
				1BE779E424A004CE0008B9D4 /* Sources */,
				1BE779E524A004CE0008B9D4 /* Frameworks */,
				1BE779E624A004CE0008B9D4 /* Resources */,
			);
			buildRules = (
			);
			dependencies = (
			);
			name = gamesFinder;
			productName = gamesFinder;
			productReference = 1BE779E824A004CE0008B9D4 /* gamesFinder.app */;
			productType = "com.apple.product-type.application";
		};
		1BE779FD24A004D00008B9D4 /* gamesFinderTests */ = {
			isa = PBXNativeTarget;
			buildConfigurationList = 1BE77A1524A004D00008B9D4 /* Build configuration list for PBXNativeTarget "gamesFinderTests" */;
			buildPhases = (
				1BE779FA24A004D00008B9D4 /* Sources */,
				1BE779FB24A004D00008B9D4 /* Frameworks */,
				1BE779FC24A004D00008B9D4 /* Resources */,
			);
			buildRules = (
			);
			dependencies = (
				1BE77A0024A004D00008B9D4 /* PBXTargetDependency */,
			);
			name = gamesFinderTests;
			productName = gamesFinderTests;
			productReference = 1BE779FE24A004D00008B9D4 /* gamesFinderTests.xctest */;
			productType = "com.apple.product-type.bundle.unit-test";
		};
		1BE77A0824A004D00008B9D4 /* gamesFinderUITests */ = {
			isa = PBXNativeTarget;
			buildConfigurationList = 1BE77A1824A004D00008B9D4 /* Build configuration list for PBXNativeTarget "gamesFinderUITests" */;
			buildPhases = (
				1BE77A0524A004D00008B9D4 /* Sources */,
				1BE77A0624A004D00008B9D4 /* Frameworks */,
				1BE77A0724A004D00008B9D4 /* Resources */,
			);
			buildRules = (
			);
			dependencies = (
				1BE77A0B24A004D00008B9D4 /* PBXTargetDependency */,
			);
			name = gamesFinderUITests;
			productName = gamesFinderUITests;
			productReference = 1BE77A0924A004D00008B9D4 /* gamesFinderUITests.xctest */;
			productType = "com.apple.product-type.bundle.ui-testing";
		};
/* End PBXNativeTarget section */

/* Begin PBXProject section */
		1BE779E024A004CE0008B9D4 /* Project object */ = {
			isa = PBXProject;
			attributes = {
				LastSwiftUpdateCheck = 1120;
				LastUpgradeCheck = 1120;
				ORGANIZATIONNAME = "Stephen TELLO";
				TargetAttributes = {
					1BE779E724A004CE0008B9D4 = {
						CreatedOnToolsVersion = 11.2.1;
					};
					1BE779FD24A004D00008B9D4 = {
						CreatedOnToolsVersion = 11.2.1;
						TestTargetID = 1BE779E724A004CE0008B9D4;
					};
					1BE77A0824A004D00008B9D4 = {
						CreatedOnToolsVersion = 11.2.1;
						TestTargetID = 1BE779E724A004CE0008B9D4;
					};
				};
			};
			buildConfigurationList = 1BE779E324A004CE0008B9D4 /* Build configuration list for PBXProject "gamesFinder" */;
			compatibilityVersion = "Xcode 9.3";
			developmentRegion = en;
			hasScannedForEncodings = 0;
			knownRegions = (
				en,
				Base,
			);
			mainGroup = 1BE779DF24A004CE0008B9D4;
			productRefGroup = 1BE779E924A004CE0008B9D4 /* Products */;
			projectDirPath = "";
			projectRoot = "";
			targets = (
				1BE779E724A004CE0008B9D4 /* gamesFinder */,
				1BE779FD24A004D00008B9D4 /* gamesFinderTests */,
				1BE77A0824A004D00008B9D4 /* gamesFinderUITests */,
			);
		};
/* End PBXProject section */

/* Begin PBXResourcesBuildPhase section */
		1BE779E624A004CE0008B9D4 /* Resources */ = {
			isa = PBXResourcesBuildPhase;
			buildActionMask = 2147483647;
			files = (
				1BE779F824A004D00008B9D4 /* LaunchScreen.storyboard in Resources */,
				1BE779F524A004D00008B9D4 /* Preview Assets.xcassets in Resources */,
				1BE779F224A004D00008B9D4 /* Assets.xcassets in Resources */,
			);
			runOnlyForDeploymentPostprocessing = 0;
		};
		1BE779FC24A004D00008B9D4 /* Resources */ = {
			isa = PBXResourcesBuildPhase;
			buildActionMask = 2147483647;
			files = (
			);
			runOnlyForDeploymentPostprocessing = 0;
		};
		1BE77A0724A004D00008B9D4 /* Resources */ = {
			isa = PBXResourcesBuildPhase;
			buildActionMask = 2147483647;
			files = (
			);
			runOnlyForDeploymentPostprocessing = 0;
		};
/* End PBXResourcesBuildPhase section */

/* Begin PBXSourcesBuildPhase section */
		1BE779E424A004CE0008B9D4 /* Sources */ = {
			isa = PBXSourcesBuildPhase;
			buildActionMask = 2147483647;
			files = (
				1BE779EC24A004CE0008B9D4 /* AppDelegate.swift in Sources */,
				1BE779EE24A004CE0008B9D4 /* SceneDelegate.swift in Sources */,
				1BE779F024A004CE0008B9D4 /* ContentView.swift in Sources */,
			);
			runOnlyForDeploymentPostprocessing = 0;
		};
		1BE779FA24A004D00008B9D4 /* Sources */ = {
			isa = PBXSourcesBuildPhase;
			buildActionMask = 2147483647;
			files = (
				1BE77A0324A004D00008B9D4 /* gamesFinderTests.swift in Sources */,
			);
			runOnlyForDeploymentPostprocessing = 0;
		};
		1BE77A0524A004D00008B9D4 /* Sources */ = {
			isa = PBXSourcesBuildPhase;
			buildActionMask = 2147483647;
			files = (
				1BE77A0E24A004D00008B9D4 /* gamesFinderUITests.swift in Sources */,
			);
			runOnlyForDeploymentPostprocessing = 0;
		};
/* End PBXSourcesBuildPhase section */

/* Begin PBXTargetDependency section */
		1BE77A0024A004D00008B9D4 /* PBXTargetDependency */ = {
			isa = PBXTargetDependency;
			target = 1BE779E724A004CE0008B9D4 /* gamesFinder */;
			targetProxy = 1BE779FF24A004D00008B9D4 /* PBXContainerItemProxy */;
		};
		1BE77A0B24A004D00008B9D4 /* PBXTargetDependency */ = {
			isa = PBXTargetDependency;
			target = 1BE779E724A004CE0008B9D4 /* gamesFinder */;
			targetProxy = 1BE77A0A24A004D00008B9D4 /* PBXContainerItemProxy */;
		};
/* End PBXTargetDependency section */

/* Begin PBXVariantGroup section */
		1BE779F624A004D00008B9D4 /* LaunchScreen.storyboard */ = {
			isa = PBXVariantGroup;
			children = (
				1BE779F724A004D00008B9D4 /* Base */,
			);
			name = LaunchScreen.storyboard;
			sourceTree = "<group>";
		};
/* End PBXVariantGroup section */

/* Begin XCBuildConfiguration section */
		1BE77A1024A004D00008B9D4 /* Debug */ = {
			isa = XCBuildConfiguration;
			buildSettings = {
				ALWAYS_SEARCH_USER_PATHS = NO;
				CLANG_ANALYZER_NONNULL = YES;
				CLANG_ANALYZER_NUMBER_OBJECT_CONVERSION = YES_AGGRESSIVE;
				CLANG_CXX_LANGUAGE_STANDARD = "gnu++14";
				CLANG_CXX_LIBRARY = "libc++";
				CLANG_ENABLE_MODULES = YES;
				CLANG_ENABLE_OBJC_ARC = YES;
				CLANG_ENABLE_OBJC_WEAK = YES;
				CLANG_WARN_BLOCK_CAPTURE_AUTORELEASING = YES;
				CLANG_WARN_BOOL_CONVERSION = YES;
				CLANG_WARN_COMMA = YES;
				CLANG_WARN_CONSTANT_CONVERSION = YES;
				CLANG_WARN_DEPRECATED_OBJC_IMPLEMENTATIONS = YES;
				CLANG_WARN_DIRECT_OBJC_ISA_USAGE = YES_ERROR;
				CLANG_WARN_DOCUMENTATION_COMMENTS = YES;
				CLANG_WARN_EMPTY_BODY = YES;
				CLANG_WARN_ENUM_CONVERSION = YES;
				CLANG_WARN_INFINITE_RECURSION = YES;
				CLANG_WARN_INT_CONVERSION = YES;
				CLANG_WARN_NON_LITERAL_NULL_CONVERSION = YES;
				CLANG_WARN_OBJC_IMPLICIT_RETAIN_SELF = YES;
				CLANG_WARN_OBJC_LITERAL_CONVERSION = YES;
				CLANG_WARN_OBJC_ROOT_CLASS = YES_ERROR;
				CLANG_WARN_RANGE_LOOP_ANALYSIS = YES;
				CLANG_WARN_STRICT_PROTOTYPES = YES;
				CLANG_WARN_SUSPICIOUS_MOVE = YES;
				CLANG_WARN_UNGUARDED_AVAILABILITY = YES_AGGRESSIVE;
				CLANG_WARN_UNREACHABLE_CODE = YES;
				CLANG_WARN__DUPLICATE_METHOD_MATCH = YES;
				COPY_PHASE_STRIP = NO;
				DEBUG_INFORMATION_FORMAT = dwarf;
				ENABLE_STRICT_OBJC_MSGSEND = YES;
				ENABLE_TESTABILITY = YES;
				GCC_C_LANGUAGE_STANDARD = gnu11;
				GCC_DYNAMIC_NO_PIC = NO;
				GCC_NO_COMMON_BLOCKS = YES;
				GCC_OPTIMIZATION_LEVEL = 0;
				GCC_PREPROCESSOR_DEFINITIONS = (
					"DEBUG=1",
					"$(inherited)",
				);
				GCC_WARN_64_TO_32_BIT_CONVERSION = YES;
				GCC_WARN_ABOUT_RETURN_TYPE = YES_ERROR;
				GCC_WARN_UNDECLARED_SELECTOR = YES;
				GCC_WARN_UNINITIALIZED_AUTOS = YES_AGGRESSIVE;
				GCC_WARN_UNUSED_FUNCTION = YES;
				GCC_WARN_UNUSED_VARIABLE = YES;
				IPHONEOS_DEPLOYMENT_TARGET = 13.2;
				MTL_ENABLE_DEBUG_INFO = INCLUDE_SOURCE;
				MTL_FAST_MATH = YES;
				ONLY_ACTIVE_ARCH = YES;
				SDKROOT = iphoneos;
				SWIFT_ACTIVE_COMPILATION_CONDITIONS = DEBUG;
				SWIFT_OPTIMIZATION_LEVEL = "-Onone";
			};
			name = Debug;
		};
		1BE77A1124A004D00008B9D4 /* Release */ = {
			isa = XCBuildConfiguration;
			buildSettings = {
				ALWAYS_SEARCH_USER_PATHS = NO;
				CLANG_ANALYZER_NONNULL = YES;
				CLANG_ANALYZER_NUMBER_OBJECT_CONVERSION = YES_AGGRESSIVE;
				CLANG_CXX_LANGUAGE_STANDARD = "gnu++14";
				CLANG_CXX_LIBRARY = "libc++";
				CLANG_ENABLE_MODULES = YES;
				CLANG_ENABLE_OBJC_ARC = YES;
				CLANG_ENABLE_OBJC_WEAK = YES;
				CLANG_WARN_BLOCK_CAPTURE_AUTORELEASING = YES;
				CLANG_WARN_BOOL_CONVERSION = YES;
				CLANG_WARN_COMMA = YES;
				CLANG_WARN_CONSTANT_CONVERSION = YES;
				CLANG_WARN_DEPRECATED_OBJC_IMPLEMENTATIONS = YES;
				CLANG_WARN_DIRECT_OBJC_ISA_USAGE = YES_ERROR;
				CLANG_WARN_DOCUMENTATION_COMMENTS = YES;
				CLANG_WARN_EMPTY_BODY = YES;
				CLANG_WARN_ENUM_CONVERSION = YES;
				CLANG_WARN_INFINITE_RECURSION = YES;
				CLANG_WARN_INT_CONVERSION = YES;
				CLANG_WARN_NON_LITERAL_NULL_CONVERSION = YES;
				CLANG_WARN_OBJC_IMPLICIT_RETAIN_SELF = YES;
				CLANG_WARN_OBJC_LITERAL_CONVERSION = YES;
				CLANG_WARN_OBJC_ROOT_CLASS = YES_ERROR;
				CLANG_WARN_RANGE_LOOP_ANALYSIS = YES;
				CLANG_WARN_STRICT_PROTOTYPES = YES;
				CLANG_WARN_SUSPICIOUS_MOVE = YES;
				CLANG_WARN_UNGUARDED_AVAILABILITY = YES_AGGRESSIVE;
				CLANG_WARN_UNREACHABLE_CODE = YES;
				CLANG_WARN__DUPLICATE_METHOD_MATCH = YES;
				COPY_PHASE_STRIP = NO;
				DEBUG_INFORMATION_FORMAT = "dwarf-with-dsym";
				ENABLE_NS_ASSERTIONS = NO;
				ENABLE_STRICT_OBJC_MSGSEND = YES;
				GCC_C_LANGUAGE_STANDARD = gnu11;
				GCC_NO_COMMON_BLOCKS = YES;
				GCC_WARN_64_TO_32_BIT_CONVERSION = YES;
				GCC_WARN_ABOUT_RETURN_TYPE = YES_ERROR;
				GCC_WARN_UNDECLARED_SELECTOR = YES;
				GCC_WARN_UNINITIALIZED_AUTOS = YES_AGGRESSIVE;
				GCC_WARN_UNUSED_FUNCTION = YES;
				GCC_WARN_UNUSED_VARIABLE = YES;
				IPHONEOS_DEPLOYMENT_TARGET = 13.2;
				MTL_ENABLE_DEBUG_INFO = NO;
				MTL_FAST_MATH = YES;
				SDKROOT = iphoneos;
				SWIFT_COMPILATION_MODE = wholemodule;
				SWIFT_OPTIMIZATION_LEVEL = "-O";
				VALIDATE_PRODUCT = YES;
			};
			name = Release;
		};
		1BE77A1324A004D00008B9D4 /* Debug */ = {
			isa = XCBuildConfiguration;
			buildSettings = {
				ASSETCATALOG_COMPILER_APPICON_NAME = AppIcon;
				CODE_SIGN_STYLE = Automatic;
				DEVELOPMENT_ASSET_PATHS = "\"gamesFinder/Preview Content\"";
				ENABLE_PREVIEWS = YES;
				INFOPLIST_FILE = gamesFinder/Info.plist;
				LD_RUNPATH_SEARCH_PATHS = (
					"$(inherited)",
					"@executable_path/Frameworks",
				);
				PRODUCT_BUNDLE_IDENTIFIER = fr.iut.gamesFinder;
				PRODUCT_NAME = "$(TARGET_NAME)";
				SWIFT_VERSION = 5.0;
				TARGETED_DEVICE_FAMILY = "1,2";
			};
			name = Debug;
		};
		1BE77A1424A004D00008B9D4 /* Release */ = {
			isa = XCBuildConfiguration;
			buildSettings = {
				ASSETCATALOG_COMPILER_APPICON_NAME = AppIcon;
				CODE_SIGN_STYLE = Automatic;
				DEVELOPMENT_ASSET_PATHS = "\"gamesFinder/Preview Content\"";
				ENABLE_PREVIEWS = YES;
				INFOPLIST_FILE = gamesFinder/Info.plist;
				LD_RUNPATH_SEARCH_PATHS = (
					"$(inherited)",
					"@executable_path/Frameworks",
				);
				PRODUCT_BUNDLE_IDENTIFIER = fr.iut.gamesFinder;
				PRODUCT_NAME = "$(TARGET_NAME)";
				SWIFT_VERSION = 5.0;
				TARGETED_DEVICE_FAMILY = "1,2";
			};
			name = Release;
		};
		1BE77A1624A004D00008B9D4 /* Debug */ = {
			isa = XCBuildConfiguration;
			buildSettings = {
				ALWAYS_EMBED_SWIFT_STANDARD_LIBRARIES = YES;
				BUNDLE_LOADER = "$(TEST_HOST)";
				CODE_SIGN_STYLE = Automatic;
				INFOPLIST_FILE = gamesFinderTests/Info.plist;
				IPHONEOS_DEPLOYMENT_TARGET = 13.2;
				LD_RUNPATH_SEARCH_PATHS = (
					"$(inherited)",
					"@executable_path/Frameworks",
					"@loader_path/Frameworks",
				);
				PRODUCT_BUNDLE_IDENTIFIER = fr.iut.gamesFinderTests;
				PRODUCT_NAME = "$(TARGET_NAME)";
				SWIFT_VERSION = 5.0;
				TARGETED_DEVICE_FAMILY = "1,2";
				TEST_HOST = "$(BUILT_PRODUCTS_DIR)/gamesFinder.app/gamesFinder";
			};
			name = Debug;
		};
		1BE77A1724A004D00008B9D4 /* Release */ = {
			isa = XCBuildConfiguration;
			buildSettings = {
				ALWAYS_EMBED_SWIFT_STANDARD_LIBRARIES = YES;
				BUNDLE_LOADER = "$(TEST_HOST)";
				CODE_SIGN_STYLE = Automatic;
				INFOPLIST_FILE = gamesFinderTests/Info.plist;
				IPHONEOS_DEPLOYMENT_TARGET = 13.2;
				LD_RUNPATH_SEARCH_PATHS = (
					"$(inherited)",
					"@executable_path/Frameworks",
					"@loader_path/Frameworks",
				);
				PRODUCT_BUNDLE_IDENTIFIER = fr.iut.gamesFinderTests;
				PRODUCT_NAME = "$(TARGET_NAME)";
				SWIFT_VERSION = 5.0;
				TARGETED_DEVICE_FAMILY = "1,2";
				TEST_HOST = "$(BUILT_PRODUCTS_DIR)/gamesFinder.app/gamesFinder";
			};
			name = Release;
		};
		1BE77A1924A004D00008B9D4 /* Debug */ = {
			isa = XCBuildConfiguration;
			buildSettings = {
				ALWAYS_EMBED_SWIFT_STANDARD_LIBRARIES = YES;
				CODE_SIGN_STYLE = Automatic;
				INFOPLIST_FILE = gamesFinderUITests/Info.plist;
				LD_RUNPATH_SEARCH_PATHS = (
					"$(inherited)",
					"@executable_path/Frameworks",
					"@loader_path/Frameworks",
				);
				PRODUCT_BUNDLE_IDENTIFIER = fr.iut.gamesFinderUITests;
				PRODUCT_NAME = "$(TARGET_NAME)";
				SWIFT_VERSION = 5.0;
				TARGETED_DEVICE_FAMILY = "1,2";
				TEST_TARGET_NAME = gamesFinder;
			};
			name = Debug;
		};
		1BE77A1A24A004D00008B9D4 /* Release */ = {
			isa = XCBuildConfiguration;
			buildSettings = {
				ALWAYS_EMBED_SWIFT_STANDARD_LIBRARIES = YES;
				CODE_SIGN_STYLE = Automatic;
				INFOPLIST_FILE = gamesFinderUITests/Info.plist;
				LD_RUNPATH_SEARCH_PATHS = (
					"$(inherited)",
					"@executable_path/Frameworks",
					"@loader_path/Frameworks",
				);
				PRODUCT_BUNDLE_IDENTIFIER = fr.iut.gamesFinderUITests;
				PRODUCT_NAME = "$(TARGET_NAME)";
				SWIFT_VERSION = 5.0;
				TARGETED_DEVICE_FAMILY = "1,2";
				TEST_TARGET_NAME = gamesFinder;
			};
			name = Release;
		};
/* End XCBuildConfiguration section */

/* Begin XCConfigurationList section */
		1BE779E324A004CE0008B9D4 /* Build configuration list for PBXProject "gamesFinder" */ = {
			isa = XCConfigurationList;
			buildConfigurations = (
				1BE77A1024A004D00008B9D4 /* Debug */,
				1BE77A1124A004D00008B9D4 /* Release */,
			);
			defaultConfigurationIsVisible = 0;
			defaultConfigurationName = Release;
		};
		1BE77A1224A004D00008B9D4 /* Build configuration list for PBXNativeTarget "gamesFinder" */ = {
			isa = XCConfigurationList;
			buildConfigurations = (
				1BE77A1324A004D00008B9D4 /* Debug */,
				1BE77A1424A004D00008B9D4 /* Release */,
			);
			defaultConfigurationIsVisible = 0;
			defaultConfigurationName = Release;
		};
		1BE77A1524A004D00008B9D4 /* Build configuration list for PBXNativeTarget "gamesFinderTests" */ = {
			isa = XCConfigurationList;
			buildConfigurations = (
				1BE77A1624A004D00008B9D4 /* Debug */,
				1BE77A1724A004D00008B9D4 /* Release */,
			);
			defaultConfigurationIsVisible = 0;
			defaultConfigurationName = Release;
		};
		1BE77A1824A004D00008B9D4 /* Build configuration list for PBXNativeTarget "gamesFinderUITests" */ = {
			isa = XCConfigurationList;
			buildConfigurations = (
				1BE77A1924A004D00008B9D4 /* Debug */,
				1BE77A1A24A004D00008B9D4 /* Release */,
			);
			defaultConfigurationIsVisible = 0;
			defaultConfigurationName = Release;
		};
/* End XCConfigurationList section */
	};
	rootObject = 1BE779E024A004CE0008B9D4 /* Project object */;
}
